PODS:
  - Alamofire (4.7.0)
  - KeychainAccess (3.1.0)
  - OAuthSwift (1.2.0)
  - OAuthSwiftAlamofire (0.1.0):
    - Alamofire
    - OAuthSwift
  - RSKPlaceholderTextView (3.0.0)

DEPENDENCIES:
  - Alamofire
  - KeychainAccess
  - OAuthSwift
  - OAuthSwiftAlamofire
  - RSKPlaceholderTextView

SPEC CHECKSUMS:
  Alamofire: 907e0a98eb68cdb7f9d1f541a563d6ac5dc77b25
  KeychainAccess: 94c5540b32eabf7bc32bfb976a268e8ea05fd6da
  OAuthSwift: 7fd6855b8e4d58eb5a30d156ea9bed7a8aecd1ca
  OAuthSwiftAlamofire: 20bb998ac506f82c3bab0625fbc98a9c6fca783f
  RSKPlaceholderTextView: 0ce73a19998e236323b3f1f16bf4a4e4a76c2c28

PODFILE CHECKSUM: 3879c4b7d52f554f9d410e57b196144ac469af3f

COCOAPODS: 1.4.0
